// !$*UTF8*$!
{
	archiveVersion = 1;
	classes = {
	};
	objectVersion = 50;
	objects = {

/* Begin PBXBuildFile section */
		59013E5124DA8C100099B873 /* AppDelegate.m in Sources */ = {isa = PBXBuildFile; fileRef = 59013E5024DA8C100099B873 /* AppDelegate.m */; };
		59013E5424DA8C100099B873 /* SceneDelegate.m in Sources */ = {isa = PBXBuildFile; fileRef = 59013E5324DA8C100099B873 /* SceneDelegate.m */; };
		59013E5724DA8C100099B873 /* ViewController.m in Sources */ = {isa = PBXBuildFile; fileRef = 59013E5624DA8C100099B873 /* ViewController.m */; };
		59013E5A24DA8C100099B873 /* Main.storyboard in Resources */ = {isa = PBXBuildFile; fileRef = 59013E5824DA8C100099B873 /* Main.storyboard */; };
		59013E5C24DA8C140099B873 /* Assets.xcassets in Resources */ = {isa = PBXBuildFile; fileRef = 59013E5B24DA8C140099B873 /* Assets.xcassets */; };
		59013E5F24DA8C140099B873 /* LaunchScreen.storyboard in Resources */ = {isa = PBXBuildFile; fileRef = 59013E5D24DA8C140099B873 /* LaunchScreen.storyboard */; };
		59013E6224DA8C140099B873 /* main.m in Sources */ = {isa = PBXBuildFile; fileRef = 59013E6124DA8C140099B873 /* main.m */; };
		59013E6C24DA8C150099B873 /* _06RuntimeTests.m in Sources */ = {isa = PBXBuildFile; fileRef = 59013E6B24DA8C150099B873 /* _06RuntimeTests.m */; };
		59013E7724DA8C150099B873 /* _06RuntimeUITests.m in Sources */ = {isa = PBXBuildFile; fileRef = 59013E7624DA8C150099B873 /* _06RuntimeUITests.m */; };
		59013E8724DA96D70099B873 /* Person.m in Sources */ = {isa = PBXBuildFile; fileRef = 59013E8624DA96D70099B873 /* Person.m */; };
		59013E8B24DA987B0099B873 /* UIImage+Category.m in Sources */ = {isa = PBXBuildFile; fileRef = 59013E8A24DA987B0099B873 /* UIImage+Category.m */; };
		59013E8E24DA9DB50099B873 /* NSObject+Category.m in Sources */ = {isa = PBXBuildFile; fileRef = 59013E8D24DA9DB50099B873 /* NSObject+Category.m */; };
		59013E9124DAA3CA0099B873 /* NSObject+Extension.m in Sources */ = {isa = PBXBuildFile; fileRef = 59013E9024DAA3CA0099B873 /* NSObject+Extension.m */; };
/* End PBXBuildFile section */

/* Begin PBXContainerItemProxy section */
		59013E6824DA8C150099B873 /* PBXContainerItemProxy */ = {
			isa = PBXContainerItemProxy;
			containerPortal = 59013E4424DA8C100099B873 /* Project object */;
			proxyType = 1;
			remoteGlobalIDString = 59013E4B24DA8C100099B873;
			remoteInfo = 006Runtime;
		};
		59013E7324DA8C150099B873 /* PBXContainerItemProxy */ = {
			isa = PBXContainerItemProxy;
			containerPortal = 59013E4424DA8C100099B873 /* Project object */;
			proxyType = 1;
			remoteGlobalIDString = 59013E4B24DA8C100099B873;
			remoteInfo = 006Runtime;
		};
/* End PBXContainerItemProxy section */

/* Begin PBXFileReference section */
		59013E4C24DA8C100099B873 /* 006Runtime.app */ = {isa = PBXFileReference; explicitFileType = wrapper.application; includeInIndex = 0; path = 006Runtime.app; sourceTree = BUILT_PRODUCTS_DIR; };
		59013E4F24DA8C100099B873 /* AppDelegate.h */ = {isa = PBXFileReference; lastKnownFileType = sourcecode.c.h; path = AppDelegate.h; sourceTree = "<group>"; };
		59013E5024DA8C100099B873 /* AppDelegate.m */ = {isa = PBXFileReference; lastKnownFileType = sourcecode.c.objc; path = AppDelegate.m; sourceTree = "<group>"; };
		59013E5224DA8C100099B873 /* SceneDelegate.h */ = {isa = PBXFileReference; lastKnownFileType = sourcecode.c.h; path = SceneDelegate.h; sourceTree = "<group>"; };
		59013E5324DA8C100099B873 /* SceneDelegate.m */ = {isa = PBXFileReference; lastKnownFileType = sourcecode.c.objc; path = SceneDelegate.m; sourceTree = "<group>"; };
		59013E5524DA8C100099B873 /* ViewController.h */ = {isa = PBXFileReference; lastKnownFileType = sourcecode.c.h; path = ViewController.h; sourceTree = "<group>"; };
		59013E5624DA8C100099B873 /* ViewController.m */ = {isa = PBXFileReference; lastKnownFileType = sourcecode.c.objc; path = ViewController.m; sourceTree = "<group>"; };
		59013E5924DA8C100099B873 /* Base */ = {isa = PBXFileReference; lastKnownFileType = file.storyboard; name = Base; path = Base.lproj/Main.storyboard; sourceTree = "<group>"; };
		59013E5B24DA8C140099B873 /* Assets.xcassets */ = {isa = PBXFileReference; lastKnownFileType = folder.assetcatalog; path = Assets.xcassets; sourceTree = "<group>"; };
		59013E5E24DA8C140099B873 /* Base */ = {isa = PBXFileReference; lastKnownFileType = file.storyboard; name = Base; path = Base.lproj/LaunchScreen.storyboard; sourceTree = "<group>"; };
		59013E6024DA8C140099B873 /* Info.plist */ = {isa = PBXFileReference; lastKnownFileType = text.plist.xml; path = Info.plist; sourceTree = "<group>"; };
		59013E6124DA8C140099B873 /* main.m */ = {isa = PBXFileReference; lastKnownFileType = sourcecode.c.objc; path = main.m; sourceTree = "<group>"; };
		59013E6724DA8C150099B873 /* 006RuntimeTests.xctest */ = {isa = PBXFileReference; explicitFileType = wrapper.cfbundle; includeInIndex = 0; path = 006RuntimeTests.xctest; sourceTree = BUILT_PRODUCTS_DIR; };
		59013E6B24DA8C150099B873 /* _06RuntimeTests.m */ = {isa = PBXFileReference; lastKnownFileType = sourcecode.c.objc; path = _06RuntimeTests.m; sourceTree = "<group>"; };
		59013E6D24DA8C150099B873 /* Info.plist */ = {isa = PBXFileReference; lastKnownFileType = text.plist.xml; path = Info.plist; sourceTree = "<group>"; };
		59013E7224DA8C150099B873 /* 006RuntimeUITests.xctest */ = {isa = PBXFileReference; explicitFileType = wrapper.cfbundle; includeInIndex = 0; path = 006RuntimeUITests.xctest; sourceTree = BUILT_PRODUCTS_DIR; };
		59013E7624DA8C150099B873 /* _06RuntimeUITests.m */ = {isa = PBXFileReference; lastKnownFileType = sourcecode.c.objc; path = _06RuntimeUITests.m; sourceTree = "<group>"; };
		59013E7824DA8C150099B873 /* Info.plist */ = {isa = PBXFileReference; lastKnownFileType = text.plist.xml; path = Info.plist; sourceTree = "<group>"; };
		59013E8424DA911C0099B873 /* PrefixHeader.pch */ = {isa = PBXFileReference; lastKnownFileType = sourcecode.c.h; path = PrefixHeader.pch; sourceTree = "<group>"; };
		59013E8524DA96D70099B873 /* Person.h */ = {isa = PBXFileReference; lastKnownFileType = sourcecode.c.h; path = Person.h; sourceTree = "<group>"; };
		59013E8624DA96D70099B873 /* Person.m */ = {isa = PBXFileReference; lastKnownFileType = sourcecode.c.objc; path = Person.m; sourceTree = "<group>"; };
		59013E8924DA987B0099B873 /* UIImage+Category.h */ = {isa = PBXFileReference; lastKnownFileType = sourcecode.c.h; path = "UIImage+Category.h"; sourceTree = "<group>"; };
		59013E8A24DA987B0099B873 /* UIImage+Category.m */ = {isa = PBXFileReference; lastKnownFileType = sourcecode.c.objc; path = "UIImage+Category.m"; sourceTree = "<group>"; };
		59013E8C24DA9DB50099B873 /* NSObject+Category.h */ = {isa = PBXFileReference; lastKnownFileType = sourcecode.c.h; path = "NSObject+Category.h"; sourceTree = "<group>"; };
		59013E8D24DA9DB50099B873 /* NSObject+Category.m */ = {isa = PBXFileReference; lastKnownFileType = sourcecode.c.objc; path = "NSObject+Category.m"; sourceTree = "<group>"; };
		59013E8F24DAA3CA0099B873 /* NSObject+Extension.h */ = {isa = PBXFileReference; lastKnownFileType = sourcecode.c.h; path = "NSObject+Extension.h"; sourceTree = "<group>"; };
		59013E9024DAA3CA0099B873 /* NSObject+Extension.m */ = {isa = PBXFileReference; lastKnownFileType = sourcecode.c.objc; path = "NSObject+Extension.m"; sourceTree = "<group>"; };
/* End PBXFileReference section */

/* Begin PBXFrameworksBuildPhase section */
		59013E4924DA8C100099B873 /* Frameworks */ = {
			isa = PBXFrameworksBuildPhase;
			buildActionMask = 2147483647;
			files = (
			);
			runOnlyForDeploymentPostprocessing = 0;
		};
		59013E6424DA8C150099B873 /* Frameworks */ = {
			isa = PBXFrameworksBuildPhase;
			buildActionMask = 2147483647;
			files = (
			);
			runOnlyForDeploymentPostprocessing = 0;
		};
		59013E6F24DA8C150099B873 /* Frameworks */ = {
			isa = PBXFrameworksBuildPhase;
			buildActionMask = 2147483647;
			files = (
			);
			runOnlyForDeploymentPostprocessing = 0;
		};
/* End PBXFrameworksBuildPhase section */

/* Begin PBXGroup section */
		59013E4324DA8C0F0099B873 = {
			isa = PBXGroup;
			children = (
				59013E4E24DA8C100099B873 /* 006Runtime */,
				59013E6A24DA8C150099B873 /* 006RuntimeTests */,
				59013E7524DA8C150099B873 /* 006RuntimeUITests */,
				59013E4D24DA8C100099B873 /* Products */,
			);
			sourceTree = "<group>";
		};
		59013E4D24DA8C100099B873 /* Products */ = {
			isa = PBXGroup;
			children = (
				59013E4C24DA8C100099B873 /* 006Runtime.app */,
				59013E6724DA8C150099B873 /* 006RuntimeTests.xctest */,
				59013E7224DA8C150099B873 /* 006RuntimeUITests.xctest */,
			);
			name = Products;
			sourceTree = "<group>";
		};
		59013E4E24DA8C100099B873 /* 006Runtime */ = {
			isa = PBXGroup;
			children = (
				59013E8824DA98670099B873 /* Category */,
				59013E4F24DA8C100099B873 /* AppDelegate.h */,
				59013E5024DA8C100099B873 /* AppDelegate.m */,
				59013E5224DA8C100099B873 /* SceneDelegate.h */,
				59013E5324DA8C100099B873 /* SceneDelegate.m */,
				59013E5524DA8C100099B873 /* ViewController.h */,
				59013E5624DA8C100099B873 /* ViewController.m */,
				59013E5824DA8C100099B873 /* Main.storyboard */,
				59013E5B24DA8C140099B873 /* Assets.xcassets */,
				59013E5D24DA8C140099B873 /* LaunchScreen.storyboard */,
				59013E6024DA8C140099B873 /* Info.plist */,
				59013E6124DA8C140099B873 /* main.m */,
				59013E8424DA911C0099B873 /* PrefixHeader.pch */,
				59013E8524DA96D70099B873 /* Person.h */,
				59013E8624DA96D70099B873 /* Person.m */,
			);
			path = 006Runtime;
			sourceTree = "<group>";
		};
		59013E6A24DA8C150099B873 /* 006RuntimeTests */ = {
			isa = PBXGroup;
			children = (
				59013E6B24DA8C150099B873 /* _06RuntimeTests.m */,
				59013E6D24DA8C150099B873 /* Info.plist */,
			);
			path = 006RuntimeTests;
			sourceTree = "<group>";
		};
		59013E7524DA8C150099B873 /* 006RuntimeUITests */ = {
			isa = PBXGroup;
			children = (
				59013E7624DA8C150099B873 /* _06RuntimeUITests.m */,
				59013E7824DA8C150099B873 /* Info.plist */,
			);
			path = 006RuntimeUITests;
			sourceTree = "<group>";
		};
		59013E8824DA98670099B873 /* Category */ = {
			isa = PBXGroup;
			children = (
				59013E8924DA987B0099B873 /* UIImage+Category.h */,
				59013E8A24DA987B0099B873 /* UIImage+Category.m */,
				59013E8C24DA9DB50099B873 /* NSObject+Category.h */,
				59013E8D24DA9DB50099B873 /* NSObject+Category.m */,
				59013E8F24DAA3CA0099B873 /* NSObject+Extension.h */,
				59013E9024DAA3CA0099B873 /* NSObject+Extension.m */,
			);
			path = Category;
			sourceTree = "<group>";
		};
/* End PBXGroup section */

/* Begin PBXNativeTarget section */
		59013E4B24DA8C100099B873 /* 006Runtime */ = {
			isa = PBXNativeTarget;
			buildConfigurationList = 59013E7B24DA8C150099B873 /* Build configuration list for PBXNativeTarget "006Runtime" */;
			buildPhases = (
				59013E4824DA8C100099B873 /* Sources */,
				59013E4924DA8C100099B873 /* Frameworks */,
				59013E4A24DA8C100099B873 /* Resources */,
			);
			buildRules = (
			);
			dependencies = (
			);
			name = 006Runtime;
			productName = 006Runtime;
			productReference = 59013E4C24DA8C100099B873 /* 006Runtime.app */;
			productType = "com.apple.product-type.application";
		};
		59013E6624DA8C150099B873 /* 006RuntimeTests */ = {
			isa = PBXNativeTarget;
			buildConfigurationList = 59013E7E24DA8C150099B873 /* Build configuration list for PBXNativeTarget "006RuntimeTests" */;
			buildPhases = (
				59013E6324DA8C150099B873 /* Sources */,
				59013E6424DA8C150099B873 /* Frameworks */,
				59013E6524DA8C150099B873 /* Resources */,
			);
			buildRules = (
			);
			dependencies = (
				59013E6924DA8C150099B873 /* PBXTargetDependency */,
			);
			name = 006RuntimeTests;
			productName = 006RuntimeTests;
			productReference = 59013E6724DA8C150099B873 /* 006RuntimeTests.xctest */;
			productType = "com.apple.product-type.bundle.unit-test";
		};
		59013E7124DA8C150099B873 /* 006RuntimeUITests */ = {
			isa = PBXNativeTarget;
			buildConfigurationList = 59013E8124DA8C150099B873 /* Build configuration list for PBXNativeTarget "006RuntimeUITests" */;
			buildPhases = (
				59013E6E24DA8C150099B873 /* Sources */,
				59013E6F24DA8C150099B873 /* Frameworks */,
				59013E7024DA8C150099B873 /* Resources */,
			);
			buildRules = (
			);
			dependencies = (
				59013E7424DA8C150099B873 /* PBXTargetDependency */,
			);
			name = 006RuntimeUITests;
			productName = 006RuntimeUITests;
			productReference = 59013E7224DA8C150099B873 /* 006RuntimeUITests.xctest */;
			productType = "com.apple.product-type.bundle.ui-testing";
		};
/* End PBXNativeTarget section */

/* Begin PBXProject section */
		59013E4424DA8C100099B873 /* Project object */ = {
			isa = PBXProject;
			attributes = {
				LastUpgradeCheck = 1130;
				ORGANIZATIONNAME = nixs;
				TargetAttributes = {
					59013E4B24DA8C100099B873 = {
						CreatedOnToolsVersion = 11.3;
					};
					59013E6624DA8C150099B873 = {
						CreatedOnToolsVersion = 11.3;
						TestTargetID = 59013E4B24DA8C100099B873;
					};
					59013E7124DA8C150099B873 = {
						CreatedOnToolsVersion = 11.3;
						TestTargetID = 59013E4B24DA8C100099B873;
					};
				};
			};
			buildConfigurationList = 59013E4724DA8C100099B873 /* Build configuration list for PBXProject "006Runtime" */;
			compatibilityVersion = "Xcode 9.3";
			developmentRegion = en;
			hasScannedForEncodings = 0;
			knownRegions = (
				en,
				Base,
			);
			mainGroup = 59013E4324DA8C0F0099B873;
			productRefGroup = 59013E4D24DA8C100099B873 /* Products */;
			projectDirPath = "";
			projectRoot = "";
			targets = (
				59013E4B24DA8C100099B873 /* 006Runtime */,
				59013E6624DA8C150099B873 /* 006RuntimeTests */,
				59013E7124DA8C150099B873 /* 006RuntimeUITests */,
			);
		};
/* End PBXProject section */

/* Begin PBXResourcesBuildPhase section */
		59013E4A24DA8C100099B873 /* Resources */ = {
			isa = PBXResourcesBuildPhase;
			buildActionMask = 2147483647;
			files = (
				59013E5F24DA8C140099B873 /* LaunchScreen.storyboard in Resources */,
				59013E5C24DA8C140099B873 /* Assets.xcassets in Resources */,
				59013E5A24DA8C100099B873 /* Main.storyboard in Resources */,
			);
			runOnlyForDeploymentPostprocessing = 0;
		};
		59013E6524DA8C150099B873 /* Resources */ = {
			isa = PBXResourcesBuildPhase;
			buildActionMask = 2147483647;
			files = (
			);
			runOnlyForDeploymentPostprocessing = 0;
		};
		59013E7024DA8C150099B873 /* Resources */ = {
			isa = PBXResourcesBuildPhase;
			buildActionMask = 2147483647;
			files = (
			);
			runOnlyForDeploymentPostprocessing = 0;
		};
/* End PBXResourcesBuildPhase section */

/* Begin PBXSourcesBuildPhase section */
		59013E4824DA8C100099B873 /* Sources */ = {
			isa = PBXSourcesBuildPhase;
			buildActionMask = 2147483647;
			files = (
				59013E5724DA8C100099B873 /* ViewController.m in Sources */,
				59013E5124DA8C100099B873 /* AppDelegate.m in Sources */,
				59013E8E24DA9DB50099B873 /* NSObject+Category.m in Sources */,
				59013E8724DA96D70099B873 /* Person.m in Sources */,
				59013E6224DA8C140099B873 /* main.m in Sources */,
				59013E5424DA8C100099B873 /* SceneDelegate.m in Sources */,
				59013E8B24DA987B0099B873 /* UIImage+Category.m in Sources */,
				59013E9124DAA3CA0099B873 /* NSObject+Extension.m in Sources */,
			);
			runOnlyForDeploymentPostprocessing = 0;
		};
		59013E6324DA8C150099B873 /* Sources */ = {
			isa = PBXSourcesBuildPhase;
			buildActionMask = 2147483647;
			files = (
				59013E6C24DA8C150099B873 /* _06RuntimeTests.m in Sources */,
			);
			runOnlyForDeploymentPostprocessing = 0;
		};
		59013E6E24DA8C150099B873 /* Sources */ = {
			isa = PBXSourcesBuildPhase;
			buildActionMask = 2147483647;
			files = (
				59013E7724DA8C150099B873 /* _06RuntimeUITests.m in Sources */,
			);
			runOnlyForDeploymentPostprocessing = 0;
		};
/* End PBXSourcesBuildPhase section */

/* Begin PBXTargetDependency section */
		59013E6924DA8C150099B873 /* PBXTargetDependency */ = {
			isa = PBXTargetDependency;
			target = 59013E4B24DA8C100099B873 /* 006Runtime */;
			targetProxy = 59013E6824DA8C150099B873 /* PBXContainerItemProxy */;
		};
		59013E7424DA8C150099B873 /* PBXTargetDependency */ = {
			isa = PBXTargetDependency;
			target = 59013E4B24DA8C100099B873 /* 006Runtime */;
			targetProxy = 59013E7324DA8C150099B873 /* PBXContainerItemProxy */;
		};
/* End PBXTargetDependency section */

/* Begin PBXVariantGroup section */
		59013E5824DA8C100099B873 /* Main.storyboard */ = {
			isa = PBXVariantGroup;
			children = (
				59013E5924DA8C100099B873 /* Base */,
			);
			name = Main.storyboard;
			sourceTree = "<group>";
		};
		59013E5D24DA8C140099B873 /* LaunchScreen.storyboard */ = {
			isa = PBXVariantGroup;
			children = (
				59013E5E24DA8C140099B873 /* Base */,
			);
			name = LaunchScreen.storyboard;
			sourceTree = "<group>";
		};
/* End PBXVariantGroup section */

/* Begin XCBuildConfiguration section */
		59013E7924DA8C150099B873 /* Debug */ = {
			isa = XCBuildConfiguration;
			buildSettings = {
				ALWAYS_SEARCH_USER_PATHS = NO;
				CLANG_ANALYZER_NONNULL = YES;
				CLANG_ANALYZER_NUMBER_OBJECT_CONVERSION = YES_AGGRESSIVE;
				CLANG_CXX_LANGUAGE_STANDARD = "gnu++14";
				CLANG_CXX_LIBRARY = "libc++";
				CLANG_ENABLE_MODULES = YES;
				CLANG_ENABLE_OBJC_ARC = YES;
				CLANG_ENABLE_OBJC_WEAK = YES;
				CLANG_WARN_BLOCK_CAPTURE_AUTORELEASING = YES;
				CLANG_WARN_BOOL_CONVERSION = YES;
				CLANG_WARN_COMMA = YES;
				CLANG_WARN_CONSTANT_CONVERSION = YES;
				CLANG_WARN_DEPRECATED_OBJC_IMPLEMENTATIONS = YES;
				CLANG_WARN_DIRECT_OBJC_ISA_USAGE = YES_ERROR;
				CLANG_WARN_DOCUMENTATION_COMMENTS = YES;
				CLANG_WARN_EMPTY_BODY = YES;
				CLANG_WARN_ENUM_CONVERSION = YES;
				CLANG_WARN_INFINITE_RECURSION = YES;
				CLANG_WARN_INT_CONVERSION = YES;
				CLANG_WARN_NON_LITERAL_NULL_CONVERSION = YES;
				CLANG_WARN_OBJC_IMPLICIT_RETAIN_SELF = YES;
				CLANG_WARN_OBJC_LITERAL_CONVERSION = YES;
				CLANG_WARN_OBJC_ROOT_CLASS = YES_ERROR;
				CLANG_WARN_RANGE_LOOP_ANALYSIS = YES;
				CLANG_WARN_STRICT_PROTOTYPES = YES;
				CLANG_WARN_SUSPICIOUS_MOVE = YES;
				CLANG_WARN_UNGUARDED_AVAILABILITY = YES_AGGRESSIVE;
				CLANG_WARN_UNREACHABLE_CODE = YES;
				CLANG_WARN__DUPLICATE_METHOD_MATCH = YES;
				COPY_PHASE_STRIP = NO;
				DEBUG_INFORMATION_FORMAT = dwarf;
				ENABLE_STRICT_OBJC_MSGSEND = YES;
				ENABLE_TESTABILITY = YES;
				GCC_C_LANGUAGE_STANDARD = gnu11;
				GCC_DYNAMIC_NO_PIC = NO;
				GCC_NO_COMMON_BLOCKS = YES;
				GCC_OPTIMIZATION_LEVEL = 0;
				GCC_PREPROCESSOR_DEFINITIONS = (
					"DEBUG=1",
					"$(inherited)",
				);
				GCC_WARN_64_TO_32_BIT_CONVERSION = YES;
				GCC_WARN_ABOUT_RETURN_TYPE = YES_ERROR;
				GCC_WARN_UNDECLARED_SELECTOR = YES;
				GCC_WARN_UNINITIALIZED_AUTOS = YES_AGGRESSIVE;
				GCC_WARN_UNUSED_FUNCTION = YES;
				GCC_WARN_UNUSED_VARIABLE = YES;
				IPHONEOS_DEPLOYMENT_TARGET = 13.2;
				MTL_ENABLE_DEBUG_INFO = INCLUDE_SOURCE;
				MTL_FAST_MATH = YES;
				ONLY_ACTIVE_ARCH = YES;
				SDKROOT = iphoneos;
			};
			name = Debug;
		};
		59013E7A24DA8C150099B873 /* Release */ = {
			isa = XCBuildConfiguration;
			buildSettings = {
				ALWAYS_SEARCH_USER_PATHS = NO;
				CLANG_ANALYZER_NONNULL = YES;
				CLANG_ANALYZER_NUMBER_OBJECT_CONVERSION = YES_AGGRESSIVE;
				CLANG_CXX_LANGUAGE_STANDARD = "gnu++14";
				CLANG_CXX_LIBRARY = "libc++";
				CLANG_ENABLE_MODULES = YES;
				CLANG_ENABLE_OBJC_ARC = YES;
				CLANG_ENABLE_OBJC_WEAK = YES;
				CLANG_WARN_BLOCK_CAPTURE_AUTORELEASING = YES;
				CLANG_WARN_BOOL_CONVERSION = YES;
				CLANG_WARN_COMMA = YES;
				CLANG_WARN_CONSTANT_CONVERSION = YES;
				CLANG_WARN_DEPRECATED_OBJC_IMPLEMENTATIONS = YES;
				CLANG_WARN_DIRECT_OBJC_ISA_USAGE = YES_ERROR;
				CLANG_WARN_DOCUMENTATION_COMMENTS = YES;
				CLANG_WARN_EMPTY_BODY = YES;
				CLANG_WARN_ENUM_CONVERSION = YES;
				CLANG_WARN_INFINITE_RECURSION = YES;
				CLANG_WARN_INT_CONVERSION = YES;
				CLANG_WARN_NON_LITERAL_NULL_CONVERSION = YES;
				CLANG_WARN_OBJC_IMPLICIT_RETAIN_SELF = YES;
				CLANG_WARN_OBJC_LITERAL_CONVERSION = YES;
				CLANG_WARN_OBJC_ROOT_CLASS = YES_ERROR;
				CLANG_WARN_RANGE_LOOP_ANALYSIS = YES;
				CLANG_WARN_STRICT_PROTOTYPES = YES;
				CLANG_WARN_SUSPICIOUS_MOVE = YES;
				CLANG_WARN_UNGUARDED_AVAILABILITY = YES_AGGRESSIVE;
				CLANG_WARN_UNREACHABLE_CODE = YES;
				CLANG_WARN__DUPLICATE_METHOD_MATCH = YES;
				COPY_PHASE_STRIP = NO;
				DEBUG_INFORMATION_FORMAT = "dwarf-with-dsym";
				ENABLE_NS_ASSERTIONS = NO;
				ENABLE_STRICT_OBJC_MSGSEND = YES;
				GCC_C_LANGUAGE_STANDARD = gnu11;
				GCC_NO_COMMON_BLOCKS = YES;
				GCC_WARN_64_TO_32_BIT_CONVERSION = YES;
				GCC_WARN_ABOUT_RETURN_TYPE = YES_ERROR;
				GCC_WARN_UNDECLARED_SELECTOR = YES;
				GCC_WARN_UNINITIALIZED_AUTOS = YES_AGGRESSIVE;
				GCC_WARN_UNUSED_FUNCTION = YES;
				GCC_WARN_UNUSED_VARIABLE = YES;
				IPHONEOS_DEPLOYMENT_TARGET = 13.2;
				MTL_ENABLE_DEBUG_INFO = NO;
				MTL_FAST_MATH = YES;
				SDKROOT = iphoneos;
				VALIDATE_PRODUCT = YES;
			};
			name = Release;
		};
		59013E7C24DA8C150099B873 /* Debug */ = {
			isa = XCBuildConfiguration;
			buildSettings = {
				ASSETCATALOG_COMPILER_APPICON_NAME = AppIcon;
				CODE_SIGN_STYLE = Automatic;
				DEVELOPMENT_TEAM = HV6ZVKXQBS;
				GCC_PREFIX_HEADER = "$(SRCROOT)/006Runtime/PrefixHeader.pch";
				INFOPLIST_FILE = 006Runtime/Info.plist;
				LD_RUNPATH_SEARCH_PATHS = (
					"$(inherited)",
					"@executable_path/Frameworks",
				);
				PRODUCT_BUNDLE_IDENTIFIER = "com.nixs.-06Runtime";
				PRODUCT_NAME = "$(TARGET_NAME)";
				TARGETED_DEVICE_FAMILY = "1,2";
			};
			name = Debug;
		};
		59013E7D24DA8C150099B873 /* Release */ = {
			isa = XCBuildConfiguration;
			buildSettings = {
				ASSETCATALOG_COMPILER_APPICON_NAME = AppIcon;
				CODE_SIGN_STYLE = Automatic;
				DEVELOPMENT_TEAM = HV6ZVKXQBS;
				GCC_PREFIX_HEADER = "$(SRCROOT)/006Runtime/PrefixHeader.pch";
				INFOPLIST_FILE = 006Runtime/Info.plist;
				LD_RUNPATH_SEARCH_PATHS = (
					"$(inherited)",
					"@executable_path/Frameworks",
				);
				PRODUCT_BUNDLE_IDENTIFIER = "com.nixs.-06Runtime";
				PRODUCT_NAME = "$(TARGET_NAME)";
				TARGETED_DEVICE_FAMILY = "1,2";
			};
			name = Release;
		};
		59013E7F24DA8C150099B873 /* Debug */ = {
			isa = XCBuildConfiguration;
			buildSettings = {
				BUNDLE_LOADER = "$(TEST_HOST)";
				CODE_SIGN_STYLE = Automatic;
				DEVELOPMENT_TEAM = SJFH7WE6F4;
				INFOPLIST_FILE = 006RuntimeTests/Info.plist;
				IPHONEOS_DEPLOYMENT_TARGET = 13.2;
				LD_RUNPATH_SEARCH_PATHS = (
					"$(inherited)",
					"@executable_path/Frameworks",
					"@loader_path/Frameworks",
				);
				PRODUCT_BUNDLE_IDENTIFIER = "com.nixs.-06RuntimeTests";
				PRODUCT_NAME = "$(TARGET_NAME)";
				TARGETED_DEVICE_FAMILY = "1,2";
				TEST_HOST = "$(BUILT_PRODUCTS_DIR)/006Runtime.app/006Runtime";
			};
			name = Debug;
		};
		59013E8024DA8C150099B873 /* Release */ = {
			isa = XCBuildConfiguration;
			buildSettings = {
				BUNDLE_LOADER = "$(TEST_HOST)";
				CODE_SIGN_STYLE = Automatic;
				DEVELOPMENT_TEAM = SJFH7WE6F4;
				INFOPLIST_FILE = 006RuntimeTests/Info.plist;
				IPHONEOS_DEPLOYMENT_TARGET = 13.2;
				LD_RUNPATH_SEARCH_PATHS = (
					"$(inherited)",
					"@executable_path/Frameworks",
					"@loader_path/Frameworks",
				);
				PRODUCT_BUNDLE_IDENTIFIER = "com.nixs.-06RuntimeTests";
				PRODUCT_NAME = "$(TARGET_NAME)";
				TARGETED_DEVICE_FAMILY = "1,2";
				TEST_HOST = "$(BUILT_PRODUCTS_DIR)/006Runtime.app/006Runtime";
			};
			name = Release;
		};
		59013E8224DA8C150099B873 /* Debug */ = {
			isa = XCBuildConfiguration;
			buildSettings = {
				CODE_SIGN_STYLE = Automatic;
				DEVELOPMENT_TEAM = SJFH7WE6F4;
				INFOPLIST_FILE = 006RuntimeUITests/Info.plist;
				LD_RUNPATH_SEARCH_PATHS = (
					"$(inherited)",
					"@executable_path/Frameworks",
					"@loader_path/Frameworks",
				);
				PRODUCT_BUNDLE_IDENTIFIER = "com.nixs.-06RuntimeUITests";
				PRODUCT_NAME = "$(TARGET_NAME)";
				TARGETED_DEVICE_FAMILY = "1,2";
				TEST_TARGET_NAME = 006Runtime;
			};
			name = Debug;
		};
		59013E8324DA8C150099B873 /* Release */ = {
			isa = XCBuildConfiguration;
			buildSettings = {
				CODE_SIGN_STYLE = Automatic;
				DEVELOPMENT_TEAM = SJFH7WE6F4;
				INFOPLIST_FILE = 006RuntimeUITests/Info.plist;
				LD_RUNPATH_SEARCH_PATHS = (
					"$(inherited)",
					"@executable_path/Frameworks",
					"@loader_path/Frameworks",
				);
				PRODUCT_BUNDLE_IDENTIFIER = "com.nixs.-06RuntimeUITests";
				PRODUCT_NAME = "$(TARGET_NAME)";
				TARGETED_DEVICE_FAMILY = "1,2";
				TEST_TARGET_NAME = 006Runtime;
			};
			name = Release;
		};
/* End XCBuildConfiguration section */

/* Begin XCConfigurationList section */
		59013E4724DA8C100099B873 /* Build configuration list for PBXProject "006Runtime" */ = {
			isa = XCConfigurationList;
			buildConfigurations = (
				59013E7924DA8C150099B873 /* Debug */,
				59013E7A24DA8C150099B873 /* Release */,
			);
			defaultConfigurationIsVisible = 0;
			defaultConfigurationName = Release;
		};
		59013E7B24DA8C150099B873 /* Build configuration list for PBXNativeTarget "006Runtime" */ = {
			isa = XCConfigurationList;
			buildConfigurations = (
				59013E7C24DA8C150099B873 /* Debug */,
				59013E7D24DA8C150099B873 /* Release */,
			);
			defaultConfigurationIsVisible = 0;
			defaultConfigurationName = Release;
		};
		59013E7E24DA8C150099B873 /* Build configuration list for PBXNativeTarget "006RuntimeTests" */ = {
			isa = XCConfigurationList;
			buildConfigurations = (
				59013E7F24DA8C150099B873 /* Debug */,
				59013E8024DA8C150099B873 /* Release */,
			);
			defaultConfigurationIsVisible = 0;
			defaultConfigurationName = Release;
		};
		59013E8124DA8C150099B873 /* Build configuration list for PBXNativeTarget "006RuntimeUITests" */ = {
			isa = XCConfigurationList;
			buildConfigurations = (
				59013E8224DA8C150099B873 /* Debug */,
				59013E8324DA8C150099B873 /* Release */,
			);
			defaultConfigurationIsVisible = 0;
			defaultConfigurationName = Release;
		};
/* End XCConfigurationList section */
	};
	rootObject = 59013E4424DA8C100099B873 /* Project object */;
}
