PODS:
  - AFNetworking (2.7.0):
    - AFNetworking/NSURLConnection (= 2.7.0)
    - AFNetworking/NSURLSession (= 2.7.0)
    - AFNetworking/Reachability (= 2.7.0)
    - AFNetworking/Security (= 2.7.0)
    - AFNetworking/Serialization (= 2.7.0)
    - AFNetworking/UIKit (= 2.7.0)
  - AFNetworking/NSURLConnection (2.7.0):
    - AFNetworking/Reachability
    - AFNetworking/Security
    - AFNetworking/Serialization
  - AFNetworking/NSURLSession (2.7.0):
    - AFNetworking/Reachability
    - AFNetworking/Security
    - AFNetworking/Serialization
  - AFNetworking/Reachability (2.7.0)
  - AFNetworking/Security (2.7.0)
  - AFNetworking/Serialization (2.7.0)
  - AFNetworking/UIKit (2.7.0):
    - AFNetworking/NSURLConnection
    - AFNetworking/NSURLSession
  - Masonry (1.1.0)
  - MBProgressHUD (1.0.0)
  - "MBProgressHUD+Add (0.0.2)":
    - MBProgressHUD (~> 1.0.0)
  - NITools (0.1.2):
    - AFNetworking (~> 2.3)
    - Masonry
    - NITools/NICategory (= 0.1.2)
    - NITools/NIView (= 0.1.2)
    - YYText
  - NITools/NICategory (0.1.2):
    - AFNetworking (~> 2.3)
    - Masonry
    - YYText
  - NITools/NIView (0.1.2):
    - AFNetworking (~> 2.3)
    - Masonry
    - YYText
  - YYText (1.0.7)

DEPENDENCIES:
  - Masonry
  - "MBProgressHUD+Add"
  - NITools (~> 0.1.2)

SPEC REPOS:
  https://github.com/CocoaPods/Specs.git:
    - AFNetworking
    - Masonry
    - MBProgressHUD
    - "MBProgressHUD+Add"
    - NITools
    - YYText

SPEC CHECKSUMS:
  AFNetworking: c61dc537d7f1932a7d941135ead24c99b9bf96fa
  Masonry: 54f6e002413212c5aaed09efe8e2da945426dc49
  MBProgressHUD: 021f08731ff48f4e1727f5e4f7bd1d13b40491b3
  "MBProgressHUD+Add": 541d8ffcf2f091af8acf7522c010cf44ee464fba
  NITools: ccb64fba43be1cafaa5a755a1d6a516836ae37a9
  YYText: 23b00e89de6f7aae8a819627a12d4ba96889ece5

PODFILE CHECKSUM: 516eb74a134ec09b471bb1ac87609316de0465dd

COCOAPODS: 1.9.1
